// !$*UTF8*$!
{
	archiveVersion = 1;
	classes = {
	};
	objectVersion = 46;
	objects = {

/* Begin PBXBuildFile section */
		DC5234C0196FC99D00AE8B47 /* icon_loading_background@2x.png in Resources */ = {isa = PBXBuildFile; fileRef = DC5234BE196FC99D00AE8B47 /* icon_loading_background@2x.png */; };
		DC5234C1196FC99D00AE8B47 /* icon_loading@2x.png in Resources */ = {isa = PBXBuildFile; fileRef = DC5234BF196FC99D00AE8B47 /* icon_loading@2x.png */; };
		DC5234C3196FD05400AE8B47 /* QuartzCore.framework in Frameworks */ = {isa = PBXBuildFile; fileRef = DC5234C2196FD05400AE8B47 /* QuartzCore.framework */; };
		DC85AEE0196FC3B9006D711B /* AppDelegate.swift in Sources */ = {isa = PBXBuildFile; fileRef = DC85AEDF196FC3B9006D711B /* AppDelegate.swift */; };
		DC85AEE2196FC3B9006D711B /* ViewController.swift in Sources */ = {isa = PBXBuildFile; fileRef = DC85AEE1196FC3B9006D711B /* ViewController.swift */; };
		DC85AEE5196FC3B9006D711B /* Main.storyboard in Resources */ = {isa = PBXBuildFile; fileRef = DC85AEE3196FC3B9006D711B /* Main.storyboard */; };
		DC85AEE7196FC3B9006D711B /* Images.xcassets in Resources */ = {isa = PBXBuildFile; fileRef = DC85AEE6196FC3B9006D711B /* Images.xcassets */; };
		DC85AEF3196FC3B9006D711B /* SwiftActivityIndicatorTests.swift in Sources */ = {isa = PBXBuildFile; fileRef = DC85AEF2196FC3B9006D711B /* SwiftActivityIndicatorTests.swift */; };
		DC85AEFD196FC3D6006D711B /* SwiftActivityIndicator.swift in Sources */ = {isa = PBXBuildFile; fileRef = DC85AEFC196FC3D6006D711B /* SwiftActivityIndicator.swift */; };
/* End PBXBuildFile section */

/* Begin PBXContainerItemProxy section */
		DC85AEED196FC3B9006D711B /* PBXContainerItemProxy */ = {
			isa = PBXContainerItemProxy;
			containerPortal = DC85AED2196FC3B9006D711B /* Project object */;
			proxyType = 1;
			remoteGlobalIDString = DC85AED9196FC3B9006D711B;
			remoteInfo = SwiftActivityIndicator;
		};
/* End PBXContainerItemProxy section */

/* Begin PBXFileReference section */
		DC5234BE196FC99D00AE8B47 /* icon_loading_background@2x.png */ = {isa = PBXFileReference; lastKnownFileType = image.png; path = "icon_loading_background@2x.png"; sourceTree = "<group>"; };
		DC5234BF196FC99D00AE8B47 /* icon_loading@2x.png */ = {isa = PBXFileReference; lastKnownFileType = image.png; path = "icon_loading@2x.png"; sourceTree = "<group>"; };
		DC5234C2196FD05400AE8B47 /* QuartzCore.framework */ = {isa = PBXFileReference; lastKnownFileType = wrapper.framework; name = QuartzCore.framework; path = System/Library/Frameworks/QuartzCore.framework; sourceTree = SDKROOT; };
		DC85AEDA196FC3B9006D711B /* SwiftActivityIndicator.app */ = {isa = PBXFileReference; explicitFileType = wrapper.application; includeInIndex = 0; path = SwiftActivityIndicator.app; sourceTree = BUILT_PRODUCTS_DIR; };
		DC85AEDE196FC3B9006D711B /* Info.plist */ = {isa = PBXFileReference; lastKnownFileType = text.plist.xml; path = Info.plist; sourceTree = "<group>"; };
		DC85AEDF196FC3B9006D711B /* AppDelegate.swift */ = {isa = PBXFileReference; lastKnownFileType = sourcecode.swift; path = AppDelegate.swift; sourceTree = "<group>"; };
		DC85AEE1196FC3B9006D711B /* ViewController.swift */ = {isa = PBXFileReference; lastKnownFileType = sourcecode.swift; path = ViewController.swift; sourceTree = "<group>"; };
		DC85AEE4196FC3B9006D711B /* Base */ = {isa = PBXFileReference; lastKnownFileType = file.storyboard; name = Base; path = Base.lproj/Main.storyboard; sourceTree = "<group>"; };
		DC85AEE6196FC3B9006D711B /* Images.xcassets */ = {isa = PBXFileReference; lastKnownFileType = folder.assetcatalog; path = Images.xcassets; sourceTree = "<group>"; };
		DC85AEEC196FC3B9006D711B /* SwiftActivityIndicatorTests.xctest */ = {isa = PBXFileReference; explicitFileType = wrapper.cfbundle; includeInIndex = 0; path = SwiftActivityIndicatorTests.xctest; sourceTree = BUILT_PRODUCTS_DIR; };
		DC85AEF1196FC3B9006D711B /* Info.plist */ = {isa = PBXFileReference; lastKnownFileType = text.plist.xml; path = Info.plist; sourceTree = "<group>"; };
		DC85AEF2196FC3B9006D711B /* SwiftActivityIndicatorTests.swift */ = {isa = PBXFileReference; lastKnownFileType = sourcecode.swift; path = SwiftActivityIndicatorTests.swift; sourceTree = "<group>"; };
		DC85AEFC196FC3D6006D711B /* SwiftActivityIndicator.swift */ = {isa = PBXFileReference; fileEncoding = 4; lastKnownFileType = sourcecode.swift; path = SwiftActivityIndicator.swift; sourceTree = "<group>"; };
/* End PBXFileReference section */

/* Begin PBXFrameworksBuildPhase section */
		DC85AED7196FC3B9006D711B /* Frameworks */ = {
			isa = PBXFrameworksBuildPhase;
			buildActionMask = 2147483647;
			files = (
				DC5234C3196FD05400AE8B47 /* QuartzCore.framework in Frameworks */,
			);
			runOnlyForDeploymentPostprocessing = 0;
		};
		DC85AEE9196FC3B9006D711B /* Frameworks */ = {
			isa = PBXFrameworksBuildPhase;
			buildActionMask = 2147483647;
			files = (
			);
			runOnlyForDeploymentPostprocessing = 0;
		};
/* End PBXFrameworksBuildPhase section */

/* Begin PBXGroup section */
		DC5234BD196FC97500AE8B47 /* Images */ = {
			isa = PBXGroup;
			children = (
				DC5234BE196FC99D00AE8B47 /* icon_loading_background@2x.png */,
				DC5234BF196FC99D00AE8B47 /* icon_loading@2x.png */,
			);
			name = Images;
			sourceTree = "<group>";
		};
		DC85AED1196FC3B9006D711B = {
			isa = PBXGroup;
			children = (
				DC5234C2196FD05400AE8B47 /* QuartzCore.framework */,
				DC85AEDC196FC3B9006D711B /* SwiftActivityIndicator */,
				DC85AEEF196FC3B9006D711B /* SwiftActivityIndicatorTests */,
				DC85AEDB196FC3B9006D711B /* Products */,
			);
			sourceTree = "<group>";
		};
		DC85AEDB196FC3B9006D711B /* Products */ = {
			isa = PBXGroup;
			children = (
				DC85AEDA196FC3B9006D711B /* SwiftActivityIndicator.app */,
				DC85AEEC196FC3B9006D711B /* SwiftActivityIndicatorTests.xctest */,
			);
			name = Products;
			sourceTree = "<group>";
		};
		DC85AEDC196FC3B9006D711B /* SwiftActivityIndicator */ = {
			isa = PBXGroup;
			children = (
				DC5234BD196FC97500AE8B47 /* Images */,
				DC85AEFC196FC3D6006D711B /* SwiftActivityIndicator.swift */,
				DC85AEDF196FC3B9006D711B /* AppDelegate.swift */,
				DC85AEE1196FC3B9006D711B /* ViewController.swift */,
				DC85AEE3196FC3B9006D711B /* Main.storyboard */,
				DC85AEE6196FC3B9006D711B /* Images.xcassets */,
				DC85AEDD196FC3B9006D711B /* Supporting Files */,
			);
			path = SwiftActivityIndicator;
			sourceTree = "<group>";
		};
		DC85AEDD196FC3B9006D711B /* Supporting Files */ = {
			isa = PBXGroup;
			children = (
				DC85AEDE196FC3B9006D711B /* Info.plist */,
			);
			name = "Supporting Files";
			sourceTree = "<group>";
		};
		DC85AEEF196FC3B9006D711B /* SwiftActivityIndicatorTests */ = {
			isa = PBXGroup;
			children = (
				DC85AEF2196FC3B9006D711B /* SwiftActivityIndicatorTests.swift */,
				DC85AEF0196FC3B9006D711B /* Supporting Files */,
			);
			path = SwiftActivityIndicatorTests;
			sourceTree = "<group>";
		};
		DC85AEF0196FC3B9006D711B /* Supporting Files */ = {
			isa = PBXGroup;
			children = (
				DC85AEF1196FC3B9006D711B /* Info.plist */,
			);
			name = "Supporting Files";
			sourceTree = "<group>";
		};
/* End PBXGroup section */

/* Begin PBXNativeTarget section */
		DC85AED9196FC3B9006D711B /* SwiftActivityIndicator */ = {
			isa = PBXNativeTarget;
			buildConfigurationList = DC85AEF6196FC3B9006D711B /* Build configuration list for PBXNativeTarget "SwiftActivityIndicator" */;
			buildPhases = (
				DC85AED6196FC3B9006D711B /* Sources */,
				DC85AED7196FC3B9006D711B /* Frameworks */,
				DC85AED8196FC3B9006D711B /* Resources */,
			);
			buildRules = (
			);
			dependencies = (
			);
			name = SwiftActivityIndicator;
			productName = SwiftActivityIndicator;
			productReference = DC85AEDA196FC3B9006D711B /* SwiftActivityIndicator.app */;
			productType = "com.apple.product-type.application";
		};
		DC85AEEB196FC3B9006D711B /* SwiftActivityIndicatorTests */ = {
			isa = PBXNativeTarget;
			buildConfigurationList = DC85AEF9196FC3B9006D711B /* Build configuration list for PBXNativeTarget "SwiftActivityIndicatorTests" */;
			buildPhases = (
				DC85AEE8196FC3B9006D711B /* Sources */,
				DC85AEE9196FC3B9006D711B /* Frameworks */,
				DC85AEEA196FC3B9006D711B /* Resources */,
			);
			buildRules = (
			);
			dependencies = (
				DC85AEEE196FC3B9006D711B /* PBXTargetDependency */,
			);
			name = SwiftActivityIndicatorTests;
			productName = SwiftActivityIndicatorTests;
			productReference = DC85AEEC196FC3B9006D711B /* SwiftActivityIndicatorTests.xctest */;
			productType = "com.apple.product-type.bundle.unit-test";
		};
/* End PBXNativeTarget section */

/* Begin PBXProject section */
		DC85AED2196FC3B9006D711B /* Project object */ = {
			isa = PBXProject;
			attributes = {
				LastUpgradeCheck = 0600;
				ORGANIZATIONNAME = xiebohui;
				TargetAttributes = {
					DC85AED9196FC3B9006D711B = {
						CreatedOnToolsVersion = 6.0;
					};
					DC85AEEB196FC3B9006D711B = {
						CreatedOnToolsVersion = 6.0;
						TestTargetID = DC85AED9196FC3B9006D711B;
					};
				};
			};
			buildConfigurationList = DC85AED5196FC3B9006D711B /* Build configuration list for PBXProject "SwiftActivityIndicator" */;
			compatibilityVersion = "Xcode 3.2";
			developmentRegion = English;
			hasScannedForEncodings = 0;
			knownRegions = (
				en,
				Base,
			);
			mainGroup = DC85AED1196FC3B9006D711B;
			productRefGroup = DC85AEDB196FC3B9006D711B /* Products */;
			projectDirPath = "";
			projectRoot = "";
			targets = (
				DC85AED9196FC3B9006D711B /* SwiftActivityIndicator */,
				DC85AEEB196FC3B9006D711B /* SwiftActivityIndicatorTests */,
			);
		};
/* End PBXProject section */

/* Begin PBXResourcesBuildPhase section */
		DC85AED8196FC3B9006D711B /* Resources */ = {
			isa = PBXResourcesBuildPhase;
			buildActionMask = 2147483647;
			files = (
				DC5234C1196FC99D00AE8B47 /* icon_loading@2x.png in Resources */,
				DC5234C0196FC99D00AE8B47 /* icon_loading_background@2x.png in Resources */,
				DC85AEE5196FC3B9006D711B /* Main.storyboard in Resources */,
				DC85AEE7196FC3B9006D711B /* Images.xcassets in Resources */,
			);
			runOnlyForDeploymentPostprocessing = 0;
		};
		DC85AEEA196FC3B9006D711B /* Resources */ = {
			isa = PBXResourcesBuildPhase;
			buildActionMask = 2147483647;
			files = (
			);
			runOnlyForDeploymentPostprocessing = 0;
		};
/* End PBXResourcesBuildPhase section */

/* Begin PBXSourcesBuildPhase section */
		DC85AED6196FC3B9006D711B /* Sources */ = {
			isa = PBXSourcesBuildPhase;
			buildActionMask = 2147483647;
			files = (
				DC85AEE2196FC3B9006D711B /* ViewController.swift in Sources */,
				DC85AEE0196FC3B9006D711B /* AppDelegate.swift in Sources */,
				DC85AEFD196FC3D6006D711B /* SwiftActivityIndicator.swift in Sources */,
			);
			runOnlyForDeploymentPostprocessing = 0;
		};
		DC85AEE8196FC3B9006D711B /* Sources */ = {
			isa = PBXSourcesBuildPhase;
			buildActionMask = 2147483647;
			files = (
				DC85AEF3196FC3B9006D711B /* SwiftActivityIndicatorTests.swift in Sources */,
			);
			runOnlyForDeploymentPostprocessing = 0;
		};
/* End PBXSourcesBuildPhase section */

/* Begin PBXTargetDependency section */
		DC85AEEE196FC3B9006D711B /* PBXTargetDependency */ = {
			isa = PBXTargetDependency;
			target = DC85AED9196FC3B9006D711B /* SwiftActivityIndicator */;
			targetProxy = DC85AEED196FC3B9006D711B /* PBXContainerItemProxy */;
		};
/* End PBXTargetDependency section */

/* Begin PBXVariantGroup section */
		DC85AEE3196FC3B9006D711B /* Main.storyboard */ = {
			isa = PBXVariantGroup;
			children = (
				DC85AEE4196FC3B9006D711B /* Base */,
			);
			name = Main.storyboard;
			sourceTree = "<group>";
		};
/* End PBXVariantGroup section */

/* Begin XCBuildConfiguration section */
		DC85AEF4196FC3B9006D711B /* Debug */ = {
			isa = XCBuildConfiguration;
			buildSettings = {
				ALWAYS_SEARCH_USER_PATHS = NO;
				CLANG_CXX_LANGUAGE_STANDARD = "gnu++0x";
				CLANG_CXX_LIBRARY = "libc++";
				CLANG_ENABLE_MODULES = YES;
				CLANG_ENABLE_OBJC_ARC = YES;
				CLANG_WARN_BOOL_CONVERSION = YES;
				CLANG_WARN_CONSTANT_CONVERSION = YES;
				CLANG_WARN_DIRECT_OBJC_ISA_USAGE = YES_ERROR;
				CLANG_WARN_EMPTY_BODY = YES;
				CLANG_WARN_ENUM_CONVERSION = YES;
				CLANG_WARN_INT_CONVERSION = YES;
				CLANG_WARN_OBJC_ROOT_CLASS = YES_ERROR;
				CLANG_WARN_UNREACHABLE_CODE = YES;
				CLANG_WARN__DUPLICATE_METHOD_MATCH = YES;
				"CODE_SIGN_IDENTITY[sdk=iphoneos*]" = "iPhone Developer";
				COPY_PHASE_STRIP = NO;
				ENABLE_STRICT_OBJC_MSGSEND = YES;
				GCC_C_LANGUAGE_STANDARD = gnu99;
				GCC_DYNAMIC_NO_PIC = NO;
				GCC_OPTIMIZATION_LEVEL = 0;
				GCC_PREPROCESSOR_DEFINITIONS = (
					"DEBUG=1",
					"$(inherited)",
				);
				GCC_SYMBOLS_PRIVATE_EXTERN = NO;
				GCC_WARN_64_TO_32_BIT_CONVERSION = YES;
				GCC_WARN_ABOUT_RETURN_TYPE = YES_ERROR;
				GCC_WARN_UNDECLARED_SELECTOR = YES;
				GCC_WARN_UNINITIALIZED_AUTOS = YES_AGGRESSIVE;
				GCC_WARN_UNUSED_FUNCTION = YES;
				GCC_WARN_UNUSED_VARIABLE = YES;
				IPHONEOS_DEPLOYMENT_TARGET = 8.0;
				MTL_ENABLE_DEBUG_INFO = YES;
				ONLY_ACTIVE_ARCH = YES;
				SDKROOT = iphoneos;
				SWIFT_OPTIMIZATION_LEVEL = "-Onone";
			};
			name = Debug;
		};
		DC85AEF5196FC3B9006D711B /* Release */ = {
			isa = XCBuildConfiguration;
			buildSettings = {
				ALWAYS_SEARCH_USER_PATHS = NO;
				CLANG_CXX_LANGUAGE_STANDARD = "gnu++0x";
				CLANG_CXX_LIBRARY = "libc++";
				CLANG_ENABLE_MODULES = YES;
				CLANG_ENABLE_OBJC_ARC = YES;
				CLANG_WARN_BOOL_CONVERSION = YES;
				CLANG_WARN_CONSTANT_CONVERSION = YES;
				CLANG_WARN_DIRECT_OBJC_ISA_USAGE = YES_ERROR;
				CLANG_WARN_EMPTY_BODY = YES;
				CLANG_WARN_ENUM_CONVERSION = YES;
				CLANG_WARN_INT_CONVERSION = YES;
				CLANG_WARN_OBJC_ROOT_CLASS = YES_ERROR;
				CLANG_WARN_UNREACHABLE_CODE = YES;
				CLANG_WARN__DUPLICATE_METHOD_MATCH = YES;
				"CODE_SIGN_IDENTITY[sdk=iphoneos*]" = "iPhone Developer";
				COPY_PHASE_STRIP = YES;
				ENABLE_NS_ASSERTIONS = NO;
				ENABLE_STRICT_OBJC_MSGSEND = YES;
				GCC_C_LANGUAGE_STANDARD = gnu99;
				GCC_WARN_64_TO_32_BIT_CONVERSION = YES;
				GCC_WARN_ABOUT_RETURN_TYPE = YES_ERROR;
				GCC_WARN_UNDECLARED_SELECTOR = YES;
				GCC_WARN_UNINITIALIZED_AUTOS = YES_AGGRESSIVE;
				GCC_WARN_UNUSED_FUNCTION = YES;
				GCC_WARN_UNUSED_VARIABLE = YES;
				IPHONEOS_DEPLOYMENT_TARGET = 8.0;
				MTL_ENABLE_DEBUG_INFO = NO;
				SDKROOT = iphoneos;
				VALIDATE_PRODUCT = YES;
			};
			name = Release;
		};
		DC85AEF7196FC3B9006D711B /* Debug */ = {
			isa = XCBuildConfiguration;
			buildSettings = {
				ASSETCATALOG_COMPILER_APPICON_NAME = AppIcon;
				ASSETCATALOG_COMPILER_LAUNCHIMAGE_NAME = LaunchImage;
				INFOPLIST_FILE = SwiftActivityIndicator/Info.plist;
				LD_RUNPATH_SEARCH_PATHS = "$(inherited) @executable_path/Frameworks";
				PRODUCT_NAME = "$(TARGET_NAME)";
			};
			name = Debug;
		};
		DC85AEF8196FC3B9006D711B /* Release */ = {
			isa = XCBuildConfiguration;
			buildSettings = {
				ASSETCATALOG_COMPILER_APPICON_NAME = AppIcon;
				ASSETCATALOG_COMPILER_LAUNCHIMAGE_NAME = LaunchImage;
				INFOPLIST_FILE = SwiftActivityIndicator/Info.plist;
				LD_RUNPATH_SEARCH_PATHS = "$(inherited) @executable_path/Frameworks";
				PRODUCT_NAME = "$(TARGET_NAME)";
			};
			name = Release;
		};
		DC85AEFA196FC3B9006D711B /* Debug */ = {
			isa = XCBuildConfiguration;
			buildSettings = {
				BUNDLE_LOADER = "$(BUILT_PRODUCTS_DIR)/SwiftActivityIndicator.app/SwiftActivityIndicator";
				FRAMEWORK_SEARCH_PATHS = (
					"$(SDKROOT)/Developer/Library/Frameworks",
					"$(inherited)",
				);
				GCC_PREPROCESSOR_DEFINITIONS = (
					"DEBUG=1",
					"$(inherited)",
				);
				INFOPLIST_FILE = SwiftActivityIndicatorTests/Info.plist;
				LD_RUNPATH_SEARCH_PATHS = "$(inherited) @executable_path/Frameworks @loader_path/Frameworks";
				PRODUCT_NAME = "$(TARGET_NAME)";
				TEST_HOST = "$(BUNDLE_LOADER)";
			};
			name = Debug;
		};
		DC85AEFB196FC3B9006D711B /* Release */ = {
			isa = XCBuildConfiguration;
			buildSettings = {
				BUNDLE_LOADER = "$(BUILT_PRODUCTS_DIR)/SwiftActivityIndicator.app/SwiftActivityIndicator";
				FRAMEWORK_SEARCH_PATHS = (
					"$(SDKROOT)/Developer/Library/Frameworks",
					"$(inherited)",
				);
				INFOPLIST_FILE = SwiftActivityIndicatorTests/Info.plist;
				LD_RUNPATH_SEARCH_PATHS = "$(inherited) @executable_path/Frameworks @loader_path/Frameworks";
				PRODUCT_NAME = "$(TARGET_NAME)";
				TEST_HOST = "$(BUNDLE_LOADER)";
			};
			name = Release;
		};
/* End XCBuildConfiguration section */

/* Begin XCConfigurationList section */
		DC85AED5196FC3B9006D711B /* Build configuration list for PBXProject "SwiftActivityIndicator" */ = {
			isa = XCConfigurationList;
			buildConfigurations = (
				DC85AEF4196FC3B9006D711B /* Debug */,
				DC85AEF5196FC3B9006D711B /* Release */,
			);
			defaultConfigurationIsVisible = 0;
			defaultConfigurationName = Release;
		};
		DC85AEF6196FC3B9006D711B /* Build configuration list for PBXNativeTarget "SwiftActivityIndicator" */ = {
			isa = XCConfigurationList;
			buildConfigurations = (
				DC85AEF7196FC3B9006D711B /* Debug */,
				DC85AEF8196FC3B9006D711B /* Release */,
			);
			defaultConfigurationIsVisible = 0;
			defaultConfigurationName = Release;
		};
		DC85AEF9196FC3B9006D711B /* Build configuration list for PBXNativeTarget "SwiftActivityIndicatorTests" */ = {
			isa = XCConfigurationList;
			buildConfigurations = (
				DC85AEFA196FC3B9006D711B /* Debug */,
				DC85AEFB196FC3B9006D711B /* Release */,
			);
			defaultConfigurationIsVisible = 0;
			defaultConfigurationName = Release;
		};
/* End XCConfigurationList section */
	};
	rootObject = DC85AED2196FC3B9006D711B /* Project object */;
}
